<?xml version="1.0" encoding="utf-8"?>
<Project ToolsVersion="4.0" xmlns="http://schemas.microsoft.com/developer/msbuild/2003">
  <ItemGroup>
    <Filter Include="Source Files">
      <UniqueIdentifier>{f35e742f-84c3-4363-b14a-969f7115dddc}</UniqueIdentifier>
      <Extensions>cpp;c;cxx;rc;def;r;odl;idl;hpj;bat</Extensions>
    </Filter>
    <Filter Include="Header Files">
      <UniqueIdentifier>{584ec3d4-020f-4a02-be3f-0b2bd7745739}</UniqueIdentifier>
      <Extensions>h;hpp;hxx;hm;inl</Extensions>
    </Filter>
  </ItemGroup>
  <ItemGroup>
    <ClCompile Include="annfile.cpp">
      <Filter>Source Files</Filter>
    </ClCompile>
    <ClCompile Include="assert.c">
      <Filter>Source Files</Filter>
    </ClCompile>
    <ClCompile Include="batchuser.cpp">
      <Filter>Source Files</Filter>
    </ClCompile>
    <ClCompile Include="config.cpp">
      <Filter>Source Files</Filter>
    </ClCompile>
    <ClCompile Include="cores.cxx">
      <Filter>Source Files</Filter>
    </ClCompile>
    <ClCompile Include="cputopology.cxx">
      <Filter>Source Files</Filter>
    </ClCompile>
    <ClCompile Include="envi.cpp">
      <Filter>Source Files</Filter>
    </ClCompile>
    <ClCompile Include="file.cpp">
      <Filter>Source Files</Filter>
    </ClCompile>
    <ClCompile Include="filestream.cpp">
      <Filter>Source Files</Filter>
    </ClCompile>
    <ClCompile Include="frw.cpp">
      <Filter>Source Files</Filter>
    </ClCompile>
    <ClCompile Include="guid.cpp">
      <Filter>Source Files</Filter>
    </ClCompile>
    <ClCompile Include="iarray.cpp">
      <Filter>Source Files</Filter>
    </ClCompile>
    <ClCompile Include="input_file.cpp">
      <Filter>Source Files</Filter>
    </ClCompile>
    <ClCompile Include="iuser.cpp">
      <Filter>Source Files</Filter>
    </ClCompile>
    <ClCompile Include="map_envelop.cxx">
      <Filter>Source Files</Filter>
    </ClCompile>
    <ClCompile Include="marray.cpp">
      <Filter>Source Files</Filter>
    </ClCompile>
    <ClCompile Include="memclass.cpp">
      <Filter>Source Files</Filter>
    </ClCompile>
    <ClCompile Include="memstream.cpp">
      <Filter>Source Files</Filter>
    </ClCompile>
    <ClCompile Include="mpsync.cpp">
      <Filter>Source Files</Filter>
    </ClCompile>
    <ClCompile Include="object_map.cpp">
      <Filter>Source Files</Filter>
    </ClCompile>
    <ClCompile Include="outfile.cpp">
      <Filter>Source Files</Filter>
    </ClCompile>
    <ClCompile Include="pathstr.cpp">
      <Filter>Source Files</Filter>
    </ClCompile>
    <ClCompile Include="plugins.cpp">
      <Filter>Source Files</Filter>
    </ClCompile>
    <ClCompile Include="serializer.cpp">
      <Filter>Source Files</Filter>
    </ClCompile>
    <ClCompile Include="str.cpp">
      <Filter>Source Files</Filter>
    </ClCompile>
    <ClCompile Include="thread_time.cxx">
      <Filter>Source Files</Filter>
    </ClCompile>
    <ClCompile Include="threads.cpp">
      <Filter>Source Files</Filter>
    </ClCompile>
    <ClCompile Include="time.cpp">
      <Filter>Source Files</Filter>
    </ClCompile>
    <ClCompile Include="tsync.cpp">
      <Filter>Source Files</Filter>
    </ClCompile>
    <ClCompile Include="user.cpp">
      <Filter>Source Files</Filter>
    </ClCompile>
    <ClCompile Include="ustr.cpp">
      <Filter>Source Files</Filter>
    </ClCompile>
    <ClCompile Include="thread_group.cpp">
      <Filter>Source Files</Filter>
    </ClCompile>
  </ItemGroup>
  <ItemGroup>
    <ClInclude Include="annfile.hpp">
      <Filter>Header Files</Filter>
    </ClInclude>
    <ClInclude Include="arrays.hpp">
      <Filter>Header Files</Filter>
    </ClInclude>
    <ClInclude Include="barray.hpp">
      <Filter>Header Files</Filter>
    </ClInclude>
    <ClInclude Include="barrays.hpp">
      <Filter>Header Files</Filter>
    </ClInclude>
    <ClInclude Include="base.hpp">
      <Filter>Header Files</Filter>
    </ClInclude>
    <ClInclude Include="batchuser.hpp">
      <Filter>Header Files</Filter>
    </ClInclude>
    <ClInclude Include="bytestream.hpp">
      <Filter>Header Files</Filter>
    </ClInclude>
    <ClInclude Include="config.hpp">
      <Filter>Header Files</Filter>
    </ClInclude>
    <ClInclude Include="cores.hxx">
      <Filter>Header Files</Filter>
    </ClInclude>
    <ClInclude Include="cputopology.hxx">
      <Filter>Header Files</Filter>
    </ClInclude>
    <ClInclude Include="dict.hpp">
      <Filter>Header Files</Filter>
    </ClInclude>
    <ClInclude Include="envi.hpp">
      <Filter>Header Files</Filter>
    </ClInclude>
    <ClInclude Include="export.h">
      <Filter>Header Files</Filter>
    </ClInclude>
    <ClInclude Include="file.hpp">
      <Filter>Header Files</Filter>
    </ClInclude>
    <ClInclude Include="filestream.hpp">
      <Filter>Header Files</Filter>
    </ClInclude>
    <ClInclude Include="framework.hpp">
      <Filter>Header Files</Filter>
    </ClInclude>
    <ClInclude Include="frw.h">
      <Filter>Header Files</Filter>
    </ClInclude>
    <ClInclude Include="garray.hpp">
      <Filter>Header Files</Filter>
    </ClInclude>
    <ClInclude Include="gtable.hpp">
      <Filter>Header Files</Filter>
    </ClInclude>
    <ClInclude Include="guid.hpp">
      <Filter>Header Files</Filter>
    </ClInclude>
    <ClInclude Include="iarray.hpp">
      <Filter>Header Files</Filter>
    </ClInclude>
    <ClInclude Include="input_file.hpp">
      <Filter>Header Files</Filter>
    </ClInclude>
    <ClInclude Include="map_envelop.h">
      <Filter>Header Files</Filter>
    </ClInclude>
    <ClInclude Include="marray.hpp">
      <Filter>Header Files</Filter>
    </ClInclude>
    <ClInclude Include="matrix.hpp">
      <Filter>Header Files</Filter>
    </ClInclude>
    <ClInclude Include="matrix3d.hpp">
      <Filter>Header Files</Filter>
    </ClInclude>
    <ClInclude Include="memclass.hpp">
      <Filter>Header Files</Filter>
    </ClInclude>
    <ClInclude Include="memstream.hpp">
      <Filter>Header Files</Filter>
    </ClInclude>
    <ClInclude Include="mpsync.hpp">
      <Filter>Header Files</Filter>
    </ClInclude>
    <ClInclude Include="object_map.hpp">
      <Filter>Header Files</Filter>
    </ClInclude>
    <ClInclude Include="outfile.hpp">
      <Filter>Header Files</Filter>
    </ClInclude>
    <ClInclude Include="plugins.hpp">
      <Filter>Header Files</Filter>
    </ClInclude>
    <ClInclude Include="plugins.hxx">
      <Filter>Header Files</Filter>
    </ClInclude>
    <ClInclude Include="..\python_version.hpp">
      <Filter>Header Files</Filter>
    </ClInclude>
    <ClInclude Include="serializer.hpp">
      <Filter>Header Files</Filter>
    </ClInclude>
    <ClInclude Include="stack.hpp">
      <Filter>Header Files</Filter>
    </ClInclude>
    <ClInclude Include="str.hpp">
      <Filter>Header Files</Filter>
    </ClInclude>
    <ClInclude Include="table.hpp">
      <Filter>Header Files</Filter>
    </ClInclude>
    <ClInclude Include="thread_time.h">
      <Filter>Header Files</Filter>
    </ClInclude>
    <ClInclude Include="threads.hpp">
      <Filter>Header Files</Filter>
    </ClInclude>
    <ClInclude Include="time.hpp">
      <Filter>Header Files</Filter>
    </ClInclude>
    <ClInclude Include="tsync.hpp">
      <Filter>Header Files</Filter>
    </ClInclude>
    <ClInclude Include="user.hpp">
      <Filter>Header Files</Filter>
    </ClInclude>
    <ClInclude Include="win_msgs.hpp">
      <Filter>Header Files</Filter>
    </ClInclude>
    <ClInclude Include="xarray.hpp">
      <Filter>Header Files</Filter>
    </ClInclude>
    <ClInclude Include="thread_group.hpp">
      <Filter>Header Files</Filter>
    </ClInclude>
  </ItemGroup>
</Project>