<?xml version="1.0" encoding="utf-8"?>
<Project ToolsVersion="4.0" xmlns="http://schemas.microsoft.com/developer/msbuild/2003">
  <ItemGroup>
    <Filter Include="Source Files">
      <UniqueIdentifier>{6a740beb-dcf7-4a19-86e0-cd8bdb073dcf}</UniqueIdentifier>
      <Extensions>cpp;c;cxx;rc;def;r;odl;idl;hpj;bat</Extensions>
    </Filter>
    <Filter Include="Header Files">
      <UniqueIdentifier>{e3b999f0-779e-4efd-8565-4bb3ed6a3c33}</UniqueIdentifier>
      <Extensions>h;hpp;hxx;hm;inl</Extensions>
    </Filter>
  </ItemGroup>
  <ItemGroup>
    <ClCompile Include="co_light.c">
      <Filter>Source Files</Filter>
    </ClCompile>
    <ClCompile Include="col_obj.c">
      <Filter>Source Files</Filter>
    </ClCompile>
    <ClCompile Include="icol.c">
      <Filter>Source Files</Filter>
    </ClCompile>
    <ClCompile Include="icol_fb.c">
      <Filter>Source Files</Filter>
    </ClCompile>
    <ClCompile Include="icol_ini.c">
      <Filter>Source Files</Filter>
    </ClCompile>
    <ClCompile Include="lcd_cre.c">
      <Filter>Source Files</Filter>
    </ClCompile>
    <ClCompile Include="lcd_xyz.c">
      <Filter>Source Files</Filter>
    </ClCompile>
    <ClCompile Include="rgb_clip.c">
      <Filter>Source Files</Filter>
    </ClCompile>
  </ItemGroup>
  <ItemGroup>
    <ClInclude Include="algebra.h">
      <Filter>Header Files</Filter>
    </ClInclude>
    <ClInclude Include="icol_own.h">
      <Filter>Header Files</Filter>
    </ClInclude>
  </ItemGroup>
</Project>