<?xml version="1.0" encoding="utf-8"?>
<Project ToolsVersion="4.0" xmlns="http://schemas.microsoft.com/developer/msbuild/2003">
  <ItemGroup>
    <Filter Include="Source Files">
      <UniqueIdentifier>{c40781b9-2ceb-474a-88cc-f59d532676e9}</UniqueIdentifier>
      <Extensions>cpp;c;cxx;rc;def;r;odl;idl;hpj;bat</Extensions>
    </Filter>
    <Filter Include="Header Files">
      <UniqueIdentifier>{5ebcdee0-0d37-426d-925b-c086b105ce9e}</UniqueIdentifier>
      <Extensions>h;hpp;hxx;hm;inl</Extensions>
    </Filter>
  </ItemGroup>
  <ItemGroup>
    <ClCompile Include="bsphere3.cpp">
      <Filter>Source Files</Filter>
    </ClCompile>
    <ClCompile Include="complex.cpp">
      <Filter>Source Files</Filter>
    </ClCompile>
    <ClCompile Include="coordsys.cpp">
      <Filter>Source Files</Filter>
    </ClCompile>
    <ClCompile Include="math.cpp">
      <Filter>Source Files</Filter>
    </ClCompile>
    <ClCompile Include="matrix2.cpp">
      <Filter>Source Files</Filter>
    </ClCompile>
    <ClCompile Include="matrix3.cpp">
      <Filter>Source Files</Filter>
    </ClCompile>
    <ClCompile Include="matrix4.cpp">
      <Filter>Source Files</Filter>
    </ClCompile>
    <ClCompile Include="matrix43.cpp">
      <Filter>Source Files</Filter>
    </ClCompile>
    <ClCompile Include="nrnd.cpp">
      <Filter>Source Files</Filter>
    </ClCompile>
    <ClCompile Include="phys_const.cpp">
      <Filter>Source Files</Filter>
    </ClCompile>
    <ClCompile Include="quatern.cpp">
      <Filter>Source Files</Filter>
    </ClCompile>
    <ClCompile Include="rnd.cpp">
      <Filter>Source Files</Filter>
    </ClCompile>
    <ClCompile Include="sunloc.cpp">
      <Filter>Source Files</Filter>
    </ClCompile>
    <ClCompile Include="vect2.cpp">
      <Filter>Source Files</Filter>
    </ClCompile>
    <ClCompile Include="vect3.cpp">
      <Filter>Source Files</Filter>
    </ClCompile>
    <ClCompile Include="vect4.cpp">
      <Filter>Source Files</Filter>
    </ClCompile>
  </ItemGroup>
  <ItemGroup>
    <ClInclude Include="bsphere3.hpp">
      <Filter>Header Files</Filter>
    </ClInclude>
    <ClInclude Include="comb.hpp">
      <Filter>Header Files</Filter>
    </ClInclude>
    <ClInclude Include="complex.hpp">
      <Filter>Header Files</Filter>
    </ClInclude>
    <ClInclude Include="coordsys.hpp">
      <Filter>Header Files</Filter>
    </ClInclude>
    <ClInclude Include="haltongen2d.hpp">
      <Filter>Header Files</Filter>
    </ClInclude>
    <ClInclude Include="math.hpp">
      <Filter>Header Files</Filter>
    </ClInclude>
    <ClInclude Include="matrix2.hpp">
      <Filter>Header Files</Filter>
    </ClInclude>
    <ClInclude Include="matrix3.hpp">
      <Filter>Header Files</Filter>
    </ClInclude>
    <ClInclude Include="matrix4.hpp">
      <Filter>Header Files</Filter>
    </ClInclude>
    <ClInclude Include="matrix43.hpp">
      <Filter>Header Files</Filter>
    </ClInclude>
    <ClInclude Include="meshcell.hpp">
      <Filter>Header Files</Filter>
    </ClInclude>
    <ClInclude Include="mtabfunc.hpp">
      <Filter>Header Files</Filter>
    </ClInclude>
    <ClInclude Include="nrnd.hpp">
      <Filter>Header Files</Filter>
    </ClInclude>
    <ClInclude Include="phys_const.hpp">
      <Filter>Header Files</Filter>
    </ClInclude>
    <ClInclude Include="polar.hpp">
      <Filter>Header Files</Filter>
    </ClInclude>
    <ClInclude Include="quatern.hpp">
      <Filter>Header Files</Filter>
    </ClInclude>
    <ClInclude Include="rnd.hpp">
      <Filter>Header Files</Filter>
    </ClInclude>
    <ClInclude Include="sunloc.hpp">
      <Filter>Header Files</Filter>
    </ClInclude>
    <ClInclude Include="vect2.hpp">
      <Filter>Header Files</Filter>
    </ClInclude>
    <ClInclude Include="vect3.hpp">
      <Filter>Header Files</Filter>
    </ClInclude>
    <ClInclude Include="vect4.hpp">
      <Filter>Header Files</Filter>
    </ClInclude>
    <ClInclude Include="wardcolor.hpp">
      <Filter>Header Files</Filter>
    </ClInclude>
  </ItemGroup>
</Project>